// !$*UTF8*$!
{
	archiveVersion = 1;
	classes = {
	};
	objectVersion = 51;
	objects = {

/* Begin PBXBuildFile section */
		173FA16C2521A81C00F8E306 /* CashbackAmountModel.swift in Sources */ = {isa = PBXBuildFile; fileRef = 173FA16B2521A81C00F8E306 /* CashbackAmountModel.swift */; };
		173FA16F2521AFA900F8E306 /* PrePurchaseView.swift in Sources */ = {isa = PBXBuildFile; fileRef = 173FA16E2521AFA900F8E306 /* PrePurchaseView.swift */; };
		173FA1712521B30B00F8E306 /* BillSummaryView.swift in Sources */ = {isa = PBXBuildFile; fileRef = 173FA1702521B30B00F8E306 /* BillSummaryView.swift */; };
		173FA1732521B7DB00F8E306 /* AddressView.swift in Sources */ = {isa = PBXBuildFile; fileRef = 173FA1722521B7DB00F8E306 /* AddressView.swift */; };
		173FA17525223C2900F8E306 /* PromoCodeViewModel.swift in Sources */ = {isa = PBXBuildFile; fileRef = 173FA17425223C2900F8E306 /* PromoCodeViewModel.swift */; };
		17553B1F250C5B2900FF8D71 /* AppDelegate.swift in Sources */ = {isa = PBXBuildFile; fileRef = 17553B1E250C5B2900FF8D71 /* AppDelegate.swift */; };
		17553B21250C5B2900FF8D71 /* SceneDelegate.swift in Sources */ = {isa = PBXBuildFile; fileRef = 17553B20250C5B2900FF8D71 /* SceneDelegate.swift */; };
		17553B23250C5B2900FF8D71 /* ContentView.swift in Sources */ = {isa = PBXBuildFile; fileRef = 17553B22250C5B2900FF8D71 /* ContentView.swift */; };
		17553B25250C5B2B00FF8D71 /* Assets.xcassets in Resources */ = {isa = PBXBuildFile; fileRef = 17553B24250C5B2B00FF8D71 /* Assets.xcassets */; };
		17553B28250C5B2B00FF8D71 /* Preview Assets.xcassets in Resources */ = {isa = PBXBuildFile; fileRef = 17553B27250C5B2B00FF8D71 /* Preview Assets.xcassets */; };
		17553B2B250C5B2B00FF8D71 /* LaunchScreen.storyboard in Resources */ = {isa = PBXBuildFile; fileRef = 17553B29250C5B2B00FF8D71 /* LaunchScreen.storyboard */; };
		17553B37250C5ED700FF8D71 /* GoogleService-Info.plist in Resources */ = {isa = PBXBuildFile; fileRef = 17553B36250C5ED700FF8D71 /* GoogleService-Info.plist */; };
		17553B39250C61D900FF8D71 /* DbReader.swift in Sources */ = {isa = PBXBuildFile; fileRef = 17553B38250C61D900FF8D71 /* DbReader.swift */; };
		17553B3C250C620900FF8D71 /* Helpers.swift in Sources */ = {isa = PBXBuildFile; fileRef = 17553B3B250C620900FF8D71 /* Helpers.swift */; };
		17553B3E250C624700FF8D71 /* DatabaseReadHelper.swift in Sources */ = {isa = PBXBuildFile; fileRef = 17553B3D250C624700FF8D71 /* DatabaseReadHelper.swift */; };
		17553B40250C626C00FF8D71 /* DBInstanceInitialize.swift in Sources */ = {isa = PBXBuildFile; fileRef = 17553B3F250C626C00FF8D71 /* DBInstanceInitialize.swift */; };
		17553B42250C62BF00FF8D71 /* SnapshotHelpers.swift in Sources */ = {isa = PBXBuildFile; fileRef = 17553B41250C62BF00FF8D71 /* SnapshotHelpers.swift */; };
		17553B45250C653200FF8D71 /* PhoneVerificationView.swift in Sources */ = {isa = PBXBuildFile; fileRef = 17553B44250C653200FF8D71 /* PhoneVerificationView.swift */; };
		17553B47250C65A700FF8D71 /* CountryPickerView.swift in Sources */ = {isa = PBXBuildFile; fileRef = 17553B46250C65A700FF8D71 /* CountryPickerView.swift */; };
		17553B49250C65E500FF8D71 /* PhoneAuthHelper.swift in Sources */ = {isa = PBXBuildFile; fileRef = 17553B48250C65E500FF8D71 /* PhoneAuthHelper.swift */; };
		17553B4C250C661E00FF8D71 /* CountryCodeDictionary.swift in Sources */ = {isa = PBXBuildFile; fileRef = 17553B4B250C661E00FF8D71 /* CountryCodeDictionary.swift */; };
		17553B54250C66D600FF8D71 /* KeyboardAdaptive.swift in Sources */ = {isa = PBXBuildFile; fileRef = 17553B51250C66D500FF8D71 /* KeyboardAdaptive.swift */; };
		17553B55250C66D600FF8D71 /* UIResponder+Current.swift in Sources */ = {isa = PBXBuildFile; fileRef = 17553B52250C66D600FF8D71 /* UIResponder+Current.swift */; };
		17553B56250C66D600FF8D71 /* KeyboardHeightPublisher.swift in Sources */ = {isa = PBXBuildFile; fileRef = 17553B53250C66D600FF8D71 /* KeyboardHeightPublisher.swift */; };
		17553B58250C672100FF8D71 /* Extensions.swift in Sources */ = {isa = PBXBuildFile; fileRef = 17553B57250C672100FF8D71 /* Extensions.swift */; };
		17553B5A250C675600FF8D71 /* OTPVerificationView.swift in Sources */ = {isa = PBXBuildFile; fileRef = 17553B59250C675500FF8D71 /* OTPVerificationView.swift */; };
		17553B5C250C677800FF8D71 /* Loader.swift in Sources */ = {isa = PBXBuildFile; fileRef = 17553B5B250C677800FF8D71 /* Loader.swift */; };
		17553B5F250C67CC00FF8D71 /* UserRegistration.swift in Sources */ = {isa = PBXBuildFile; fileRef = 17553B5E250C67CC00FF8D71 /* UserRegistration.swift */; };
		17553B61250C687200FF8D71 /* Customer.swift in Sources */ = {isa = PBXBuildFile; fileRef = 17553B60250C687200FF8D71 /* Customer.swift */; };
		17553B63250C6A5A00FF8D71 /* UIColor.swift in Sources */ = {isa = PBXBuildFile; fileRef = 17553B62250C6A5A00FF8D71 /* UIColor.swift */; };
		17553B66250C6AE400FF8D71 /* UserViewModel.swift in Sources */ = {isa = PBXBuildFile; fileRef = 17553B65250C6AE400FF8D71 /* UserViewModel.swift */; };
		17553B69250C6BDD00FF8D71 /* GlobalVariables.swift in Sources */ = {isa = PBXBuildFile; fileRef = 17553B68250C6BDD00FF8D71 /* GlobalVariables.swift */; };
		17553B6B250C6C6600FF8D71 /* DBWriteHelper.swift in Sources */ = {isa = PBXBuildFile; fileRef = 17553B6A250C6C6600FF8D71 /* DBWriteHelper.swift */; };
		17553B6E250C6FA200FF8D71 /* CartItem.swift in Sources */ = {isa = PBXBuildFile; fileRef = 17553B6D250C6FA200FF8D71 /* CartItem.swift */; };
		17553B70250C732A00FF8D71 /* FirebaseGeneralHelpers.swift in Sources */ = {isa = PBXBuildFile; fileRef = 17553B6F250C732A00FF8D71 /* FirebaseGeneralHelpers.swift */; };
		17553B73250C740100FF8D71 /* HomePageView.swift in Sources */ = {isa = PBXBuildFile; fileRef = 17553B72250C740100FF8D71 /* HomePageView.swift */; };
		17553B75250C743700FF8D71 /* OnBoardingPageView.swift in Sources */ = {isa = PBXBuildFile; fileRef = 17553B74250C743700FF8D71 /* OnBoardingPageView.swift */; };
		17553B77250C8EEB00FF8D71 /* DBReferenceNames.swift in Sources */ = {isa = PBXBuildFile; fileRef = 17553B76250C8EEB00FF8D71 /* DBReferenceNames.swift */; };
		17553B79250C912700FF8D71 /* ItemsViewModel.swift in Sources */ = {isa = PBXBuildFile; fileRef = 17553B78250C912700FF8D71 /* ItemsViewModel.swift */; };
		17553B7B250C915900FF8D71 /* Item.swift in Sources */ = {isa = PBXBuildFile; fileRef = 17553B7A250C915900FF8D71 /* Item.swift */; };
		17553B88250CA98700FF8D71 /* ItemsDisplayMainView.swift in Sources */ = {isa = PBXBuildFile; fileRef = 17553B87250CA98700FF8D71 /* ItemsDisplayMainView.swift */; };
		17553B8A250CA9EE00FF8D71 /* ItemsScroll.swift in Sources */ = {isa = PBXBuildFile; fileRef = 17553B89250CA9EE00FF8D71 /* ItemsScroll.swift */; };
		17553B8C250CAA1000FF8D71 /* ItemCard.swift in Sources */ = {isa = PBXBuildFile; fileRef = 17553B8B250CAA1000FF8D71 /* ItemCard.swift */; };
		17553B8F250CAA3D00FF8D71 /* DetailedItemView.swift in Sources */ = {isa = PBXBuildFile; fileRef = 17553B8E250CAA3D00FF8D71 /* DetailedItemView.swift */; };
		17553B92250CAA7E00FF8D71 /* RoundedBG.swift in Sources */ = {isa = PBXBuildFile; fileRef = 17553B91250CAA7E00FF8D71 /* RoundedBG.swift */; };
		17553B94250CAEA400FF8D71 /* Indicator.swift in Sources */ = {isa = PBXBuildFile; fileRef = 17553B93250CAEA400FF8D71 /* Indicator.swift */; };
		17553B96250CC8D100FF8D71 /* ScrollViewHeaderCategory.swift in Sources */ = {isa = PBXBuildFile; fileRef = 17553B95250CC8D100FF8D71 /* ScrollViewHeaderCategory.swift */; };
		175EBDDE250F9FEC00D5686F /* MenuView.swift in Sources */ = {isa = PBXBuildFile; fileRef = 175EBDDD250F9FEC00D5686F /* MenuView.swift */; };
		175EBDE3250FBBAD00D5686F /* OrdersView.swift in Sources */ = {isa = PBXBuildFile; fileRef = 175EBDE2250FBBAD00D5686F /* OrdersView.swift */; };
		175EBDE5250FBBB700D5686F /* CashbackHistoryView.swift in Sources */ = {isa = PBXBuildFile; fileRef = 175EBDE4250FBBB700D5686F /* CashbackHistoryView.swift */; };
		175EBDE7250FBDC500D5686F /* OrdersViewModel.swift in Sources */ = {isa = PBXBuildFile; fileRef = 175EBDE6250FBDC500D5686F /* OrdersViewModel.swift */; };
		175EBDE9250FC34E00D5686F /* OrderCard.swift in Sources */ = {isa = PBXBuildFile; fileRef = 175EBDE8250FC34E00D5686F /* OrderCard.swift */; };
		175EBDED250FD8B600D5686F /* CashbackCard.swift in Sources */ = {isa = PBXBuildFile; fileRef = 175EBDEC250FD8B600D5686F /* CashbackCard.swift */; };
		175EBDEF250FD8EB00D5686F /* CashbackPickerView.swift in Sources */ = {isa = PBXBuildFile; fileRef = 175EBDEE250FD8EB00D5686F /* CashbackPickerView.swift */; };
		175EBDF125108A1200D5686F /* WinnerCard.swift in Sources */ = {isa = PBXBuildFile; fileRef = 175EBDF025108A1200D5686F /* WinnerCard.swift */; };
		175EBDF52510D4B100D5686F /* CashbackHistoryCard.swift in Sources */ = {isa = PBXBuildFile; fileRef = 175EBDF42510D4B100D5686F /* CashbackHistoryCard.swift */; };
		176702112521A5B900508396 /* CashbackAmountViewModel.swift in Sources */ = {isa = PBXBuildFile; fileRef = 176702102521A5B900508396 /* CashbackAmountViewModel.swift */; };
		17A93906251C656000A70FD6 /* ImageLoader.swift in Sources */ = {isa = PBXBuildFile; fileRef = 17A93905251C656000A70FD6 /* ImageLoader.swift */; };
		17C8BEE4250CE9D900C89EB3 /* CartViewModel.swift in Sources */ = {isa = PBXBuildFile; fileRef = 17C8BEE3250CE9D900C89EB3 /* CartViewModel.swift */; };
		17C8BEE8250CFE2200C89EB3 /* NavBarEndButtons.swift in Sources */ = {isa = PBXBuildFile; fileRef = 17C8BEE7250CFE2200C89EB3 /* NavBarEndButtons.swift */; };
		17C8BEEA250D014000C89EB3 /* CartItemCard.swift in Sources */ = {isa = PBXBuildFile; fileRef = 17C8BEE9250D014000C89EB3 /* CartItemCard.swift */; };
		17C8BEEC250DE0E700C89EB3 /* EndOfCartPriceDisplayView.swift in Sources */ = {isa = PBXBuildFile; fileRef = 17C8BEEB250DE0E700C89EB3 /* EndOfCartPriceDisplayView.swift */; };
		17C8BEEE250DE38100C89EB3 /* CartView.swift in Sources */ = {isa = PBXBuildFile; fileRef = 17C8BEED250DE38100C89EB3 /* CartView.swift */; };
		17C8BEF0250DFD9000C89EB3 /* PaymentView.swift in Sources */ = {isa = PBXBuildFile; fileRef = 17C8BEEF250DFD9000C89EB3 /* PaymentView.swift */; };
		17C8BEF2250E53C000C89EB3 /* Order.swift in Sources */ = {isa = PBXBuildFile; fileRef = 17C8BEF1250E53C000C89EB3 /* Order.swift */; };
		17DFC1DE25299697005A1A3F /* SharePopupHelper.swift in Sources */ = {isa = PBXBuildFile; fileRef = 17DFC1DD25299697005A1A3F /* SharePopupHelper.swift */; };
		7EB8EDD911C7DE6442A11CC3 /* Pods_CashbackAppiOS.framework in Frameworks */ = {isa = PBXBuildFile; fileRef = 083DE08C87004BE721C8F8D6 /* Pods_CashbackAppiOS.framework */; };
/* End PBXBuildFile section */

/* Begin PBXFileReference section */
		083DE08C87004BE721C8F8D6 /* Pods_CashbackAppiOS.framework */ = {isa = PBXFileReference; explicitFileType = wrapper.framework; includeInIndex = 0; path = Pods_CashbackAppiOS.framework; sourceTree = BUILT_PRODUCTS_DIR; };
		173FA16B2521A81C00F8E306 /* CashbackAmountModel.swift */ = {isa = PBXFileReference; lastKnownFileType = sourcecode.swift; path = CashbackAmountModel.swift; sourceTree = "<group>"; };
		173FA16E2521AFA900F8E306 /* PrePurchaseView.swift */ = {isa = PBXFileReference; lastKnownFileType = sourcecode.swift; path = PrePurchaseView.swift; sourceTree = "<group>"; };
		173FA1702521B30B00F8E306 /* BillSummaryView.swift */ = {isa = PBXFileReference; lastKnownFileType = sourcecode.swift; path = BillSummaryView.swift; sourceTree = "<group>"; };
		173FA1722521B7DB00F8E306 /* AddressView.swift */ = {isa = PBXFileReference; lastKnownFileType = sourcecode.swift; path = AddressView.swift; sourceTree = "<group>"; };
		173FA17425223C2900F8E306 /* PromoCodeViewModel.swift */ = {isa = PBXFileReference; lastKnownFileType = sourcecode.swift; path = PromoCodeViewModel.swift; sourceTree = "<group>"; };
		17553B1B250C5B2900FF8D71 /* CashbackAppiOS.app */ = {isa = PBXFileReference; explicitFileType = wrapper.application; includeInIndex = 0; path = CashbackAppiOS.app; sourceTree = BUILT_PRODUCTS_DIR; };
		17553B1E250C5B2900FF8D71 /* AppDelegate.swift */ = {isa = PBXFileReference; lastKnownFileType = sourcecode.swift; path = AppDelegate.swift; sourceTree = "<group>"; };
		17553B20250C5B2900FF8D71 /* SceneDelegate.swift */ = {isa = PBXFileReference; lastKnownFileType = sourcecode.swift; path = SceneDelegate.swift; sourceTree = "<group>"; };
		17553B22250C5B2900FF8D71 /* ContentView.swift */ = {isa = PBXFileReference; lastKnownFileType = sourcecode.swift; path = ContentView.swift; sourceTree = "<group>"; };
		17553B24250C5B2B00FF8D71 /* Assets.xcassets */ = {isa = PBXFileReference; lastKnownFileType = folder.assetcatalog; path = Assets.xcassets; sourceTree = "<group>"; };
		17553B27250C5B2B00FF8D71 /* Preview Assets.xcassets */ = {isa = PBXFileReference; lastKnownFileType = folder.assetcatalog; path = "Preview Assets.xcassets"; sourceTree = "<group>"; };
		17553B2A250C5B2B00FF8D71 /* Base */ = {isa = PBXFileReference; lastKnownFileType = file.storyboard; name = Base; path = Base.lproj/LaunchScreen.storyboard; sourceTree = "<group>"; };
		17553B2C250C5B2B00FF8D71 /* Info.plist */ = {isa = PBXFileReference; lastKnownFileType = text.plist.xml; path = Info.plist; sourceTree = "<group>"; };
		17553B36250C5ED700FF8D71 /* GoogleService-Info.plist */ = {isa = PBXFileReference; fileEncoding = 4; lastKnownFileType = text.plist.xml; path = "GoogleService-Info.plist"; sourceTree = "<group>"; };
		17553B38250C61D900FF8D71 /* DbReader.swift */ = {isa = PBXFileReference; lastKnownFileType = sourcecode.swift; path = DbReader.swift; sourceTree = "<group>"; };
		17553B3B250C620900FF8D71 /* Helpers.swift */ = {isa = PBXFileReference; lastKnownFileType = sourcecode.swift; path = Helpers.swift; sourceTree = "<group>"; };
		17553B3D250C624700FF8D71 /* DatabaseReadHelper.swift */ = {isa = PBXFileReference; lastKnownFileType = sourcecode.swift; path = DatabaseReadHelper.swift; sourceTree = "<group>"; };
		17553B3F250C626C00FF8D71 /* DBInstanceInitialize.swift */ = {isa = PBXFileReference; lastKnownFileType = sourcecode.swift; path = DBInstanceInitialize.swift; sourceTree = "<group>"; };
		17553B41250C62BF00FF8D71 /* SnapshotHelpers.swift */ = {isa = PBXFileReference; lastKnownFileType = sourcecode.swift; path = SnapshotHelpers.swift; sourceTree = "<group>"; };
		17553B44250C653200FF8D71 /* PhoneVerificationView.swift */ = {isa = PBXFileReference; lastKnownFileType = sourcecode.swift; path = PhoneVerificationView.swift; sourceTree = "<group>"; };
		17553B46250C65A700FF8D71 /* CountryPickerView.swift */ = {isa = PBXFileReference; lastKnownFileType = sourcecode.swift; path = CountryPickerView.swift; sourceTree = "<group>"; };
		17553B48250C65E500FF8D71 /* PhoneAuthHelper.swift */ = {isa = PBXFileReference; lastKnownFileType = sourcecode.swift; path = PhoneAuthHelper.swift; sourceTree = "<group>"; };
		17553B4B250C661E00FF8D71 /* CountryCodeDictionary.swift */ = {isa = PBXFileReference; lastKnownFileType = sourcecode.swift; path = CountryCodeDictionary.swift; sourceTree = "<group>"; };
		17553B51250C66D500FF8D71 /* KeyboardAdaptive.swift */ = {isa = PBXFileReference; fileEncoding = 4; lastKnownFileType = sourcecode.swift; path = KeyboardAdaptive.swift; sourceTree = "<group>"; };
		17553B52250C66D600FF8D71 /* UIResponder+Current.swift */ = {isa = PBXFileReference; fileEncoding = 4; lastKnownFileType = sourcecode.swift; path = "UIResponder+Current.swift"; sourceTree = "<group>"; };
		17553B53250C66D600FF8D71 /* KeyboardHeightPublisher.swift */ = {isa = PBXFileReference; fileEncoding = 4; lastKnownFileType = sourcecode.swift; path = KeyboardHeightPublisher.swift; sourceTree = "<group>"; };
		17553B57250C672100FF8D71 /* Extensions.swift */ = {isa = PBXFileReference; lastKnownFileType = sourcecode.swift; path = Extensions.swift; sourceTree = "<group>"; };
		17553B59250C675500FF8D71 /* OTPVerificationView.swift */ = {isa = PBXFileReference; fileEncoding = 4; lastKnownFileType = sourcecode.swift; path = OTPVerificationView.swift; sourceTree = "<group>"; };
		17553B5B250C677800FF8D71 /* Loader.swift */ = {isa = PBXFileReference; fileEncoding = 4; lastKnownFileType = sourcecode.swift; path = Loader.swift; sourceTree = "<group>"; };
		17553B5E250C67CC00FF8D71 /* UserRegistration.swift */ = {isa = PBXFileReference; fileEncoding = 4; lastKnownFileType = sourcecode.swift; path = UserRegistration.swift; sourceTree = "<group>"; };
		17553B60250C687200FF8D71 /* Customer.swift */ = {isa = PBXFileReference; fileEncoding = 4; lastKnownFileType = sourcecode.swift; path = Customer.swift; sourceTree = "<group>"; };
		17553B62250C6A5A00FF8D71 /* UIColor.swift */ = {isa = PBXFileReference; fileEncoding = 4; lastKnownFileType = sourcecode.swift; path = UIColor.swift; sourceTree = "<group>"; };
		17553B65250C6AE400FF8D71 /* UserViewModel.swift */ = {isa = PBXFileReference; fileEncoding = 4; lastKnownFileType = sourcecode.swift; path = UserViewModel.swift; sourceTree = "<group>"; };
		17553B68250C6BDD00FF8D71 /* GlobalVariables.swift */ = {isa = PBXFileReference; lastKnownFileType = sourcecode.swift; path = GlobalVariables.swift; sourceTree = "<group>"; };
		17553B6A250C6C6600FF8D71 /* DBWriteHelper.swift */ = {isa = PBXFileReference; lastKnownFileType = sourcecode.swift; path = DBWriteHelper.swift; sourceTree = "<group>"; };
		17553B6C250C6DB800FF8D71 /* CashbackAppiOS.entitlements */ = {isa = PBXFileReference; lastKnownFileType = text.plist.entitlements; path = CashbackAppiOS.entitlements; sourceTree = "<group>"; };
		17553B6D250C6FA200FF8D71 /* CartItem.swift */ = {isa = PBXFileReference; lastKnownFileType = sourcecode.swift; path = CartItem.swift; sourceTree = "<group>"; };
		17553B6F250C732A00FF8D71 /* FirebaseGeneralHelpers.swift */ = {isa = PBXFileReference; lastKnownFileType = sourcecode.swift; path = FirebaseGeneralHelpers.swift; sourceTree = "<group>"; };
		17553B72250C740100FF8D71 /* HomePageView.swift */ = {isa = PBXFileReference; lastKnownFileType = sourcecode.swift; path = HomePageView.swift; sourceTree = "<group>"; };
		17553B74250C743700FF8D71 /* OnBoardingPageView.swift */ = {isa = PBXFileReference; lastKnownFileType = sourcecode.swift; path = OnBoardingPageView.swift; sourceTree = "<group>"; };
		17553B76250C8EEB00FF8D71 /* DBReferenceNames.swift */ = {isa = PBXFileReference; lastKnownFileType = sourcecode.swift; path = DBReferenceNames.swift; sourceTree = "<group>"; };
		17553B78250C912700FF8D71 /* ItemsViewModel.swift */ = {isa = PBXFileReference; lastKnownFileType = sourcecode.swift; path = ItemsViewModel.swift; sourceTree = "<group>"; };
		17553B7A250C915900FF8D71 /* Item.swift */ = {isa = PBXFileReference; lastKnownFileType = sourcecode.swift; path = Item.swift; sourceTree = "<group>"; };
		17553B87250CA98700FF8D71 /* ItemsDisplayMainView.swift */ = {isa = PBXFileReference; lastKnownFileType = sourcecode.swift; path = ItemsDisplayMainView.swift; sourceTree = "<group>"; };
		17553B89250CA9EE00FF8D71 /* ItemsScroll.swift */ = {isa = PBXFileReference; lastKnownFileType = sourcecode.swift; path = ItemsScroll.swift; sourceTree = "<group>"; };
		17553B8B250CAA1000FF8D71 /* ItemCard.swift */ = {isa = PBXFileReference; lastKnownFileType = sourcecode.swift; path = ItemCard.swift; sourceTree = "<group>"; };
		17553B8E250CAA3D00FF8D71 /* DetailedItemView.swift */ = {isa = PBXFileReference; lastKnownFileType = sourcecode.swift; path = DetailedItemView.swift; sourceTree = "<group>"; };
		17553B91250CAA7E00FF8D71 /* RoundedBG.swift */ = {isa = PBXFileReference; lastKnownFileType = sourcecode.swift; path = RoundedBG.swift; sourceTree = "<group>"; };
		17553B93250CAEA400FF8D71 /* Indicator.swift */ = {isa = PBXFileReference; lastKnownFileType = sourcecode.swift; path = Indicator.swift; sourceTree = "<group>"; };
		17553B95250CC8D100FF8D71 /* ScrollViewHeaderCategory.swift */ = {isa = PBXFileReference; lastKnownFileType = sourcecode.swift; path = ScrollViewHeaderCategory.swift; sourceTree = "<group>"; };
		175EBDDD250F9FEC00D5686F /* MenuView.swift */ = {isa = PBXFileReference; lastKnownFileType = sourcecode.swift; path = MenuView.swift; sourceTree = "<group>"; };
		175EBDE2250FBBAD00D5686F /* OrdersView.swift */ = {isa = PBXFileReference; lastKnownFileType = sourcecode.swift; path = OrdersView.swift; sourceTree = "<group>"; };
		175EBDE4250FBBB700D5686F /* CashbackHistoryView.swift */ = {isa = PBXFileReference; lastKnownFileType = sourcecode.swift; path = CashbackHistoryView.swift; sourceTree = "<group>"; };
		175EBDE6250FBDC500D5686F /* OrdersViewModel.swift */ = {isa = PBXFileReference; lastKnownFileType = sourcecode.swift; path = OrdersViewModel.swift; sourceTree = "<group>"; };
		175EBDE8250FC34E00D5686F /* OrderCard.swift */ = {isa = PBXFileReference; lastKnownFileType = sourcecode.swift; path = OrderCard.swift; sourceTree = "<group>"; };
		175EBDEC250FD8B600D5686F /* CashbackCard.swift */ = {isa = PBXFileReference; lastKnownFileType = sourcecode.swift; path = CashbackCard.swift; sourceTree = "<group>"; };
		175EBDEE250FD8EB00D5686F /* CashbackPickerView.swift */ = {isa = PBXFileReference; lastKnownFileType = sourcecode.swift; path = CashbackPickerView.swift; sourceTree = "<group>"; };
		175EBDF025108A1200D5686F /* WinnerCard.swift */ = {isa = PBXFileReference; lastKnownFileType = sourcecode.swift; path = WinnerCard.swift; sourceTree = "<group>"; };
		175EBDF42510D4B100D5686F /* CashbackHistoryCard.swift */ = {isa = PBXFileReference; lastKnownFileType = sourcecode.swift; path = CashbackHistoryCard.swift; sourceTree = "<group>"; };
		176702102521A5B900508396 /* CashbackAmountViewModel.swift */ = {isa = PBXFileReference; lastKnownFileType = sourcecode.swift; path = CashbackAmountViewModel.swift; sourceTree = "<group>"; };
		17A93905251C656000A70FD6 /* ImageLoader.swift */ = {isa = PBXFileReference; lastKnownFileType = sourcecode.swift; path = ImageLoader.swift; sourceTree = "<group>"; };
		17C8BEE3250CE9D900C89EB3 /* CartViewModel.swift */ = {isa = PBXFileReference; lastKnownFileType = sourcecode.swift; path = CartViewModel.swift; sourceTree = "<group>"; };
		17C8BEE7250CFE2200C89EB3 /* NavBarEndButtons.swift */ = {isa = PBXFileReference; lastKnownFileType = sourcecode.swift; path = NavBarEndButtons.swift; sourceTree = "<group>"; };
		17C8BEE9250D014000C89EB3 /* CartItemCard.swift */ = {isa = PBXFileReference; lastKnownFileType = sourcecode.swift; path = CartItemCard.swift; sourceTree = "<group>"; };
		17C8BEEB250DE0E700C89EB3 /* EndOfCartPriceDisplayView.swift */ = {isa = PBXFileReference; lastKnownFileType = sourcecode.swift; path = EndOfCartPriceDisplayView.swift; sourceTree = "<group>"; };
		17C8BEED250DE38100C89EB3 /* CartView.swift */ = {isa = PBXFileReference; fileEncoding = 4; lastKnownFileType = sourcecode.swift; path = CartView.swift; sourceTree = "<group>"; };
		17C8BEEF250DFD9000C89EB3 /* PaymentView.swift */ = {isa = PBXFileReference; lastKnownFileType = sourcecode.swift; path = PaymentView.swift; sourceTree = "<group>"; };
		17C8BEF1250E53C000C89EB3 /* Order.swift */ = {isa = PBXFileReference; lastKnownFileType = sourcecode.swift; path = Order.swift; sourceTree = "<group>"; };
		17DFC1DD25299697005A1A3F /* SharePopupHelper.swift */ = {isa = PBXFileReference; lastKnownFileType = sourcecode.swift; path = SharePopupHelper.swift; sourceTree = "<group>"; };
		BB9705A4A60FA50212CD37B7 /* Pods-CashbackAppiOS.release.xcconfig */ = {isa = PBXFileReference; includeInIndex = 1; lastKnownFileType = text.xcconfig; name = "Pods-CashbackAppiOS.release.xcconfig"; path = "Target Support Files/Pods-CashbackAppiOS/Pods-CashbackAppiOS.release.xcconfig"; sourceTree = "<group>"; };
		ECFEA4C2398CA77C2507460A /* Pods-CashbackAppiOS.debug.xcconfig */ = {isa = PBXFileReference; includeInIndex = 1; lastKnownFileType = text.xcconfig; name = "Pods-CashbackAppiOS.debug.xcconfig"; path = "Target Support Files/Pods-CashbackAppiOS/Pods-CashbackAppiOS.debug.xcconfig"; sourceTree = "<group>"; };
/* End PBXFileReference section */

/* Begin PBXFrameworksBuildPhase section */
		17553B18250C5B2900FF8D71 /* Frameworks */ = {
			isa = PBXFrameworksBuildPhase;
			buildActionMask = 2147483647;
			files = (
				7EB8EDD911C7DE6442A11CC3 /* Pods_CashbackAppiOS.framework in Frameworks */,
			);
			runOnlyForDeploymentPostprocessing = 0;
		};
/* End PBXFrameworksBuildPhase section */

/* Begin PBXGroup section */
		173FA16D2521AF8D00F8E306 /* PrePurchase */ = {
			isa = PBXGroup;
			children = (
				173FA16E2521AFA900F8E306 /* PrePurchaseView.swift */,
				17C8BEEB250DE0E700C89EB3 /* EndOfCartPriceDisplayView.swift */,
				173FA1702521B30B00F8E306 /* BillSummaryView.swift */,
				173FA1722521B7DB00F8E306 /* AddressView.swift */,
			);
			path = PrePurchase;
			sourceTree = "<group>";
		};
		17553B12250C5B2900FF8D71 = {
			isa = PBXGroup;
			children = (
				17553B1D250C5B2900FF8D71 /* CashbackAppiOS */,
				17553B1C250C5B2900FF8D71 /* Products */,
				319FE35DA9A5ADA80C139D65 /* Pods */,
				21744A87D0EDE6FBCF14CA44 /* Frameworks */,
			);
			sourceTree = "<group>";
		};
		17553B1C250C5B2900FF8D71 /* Products */ = {
			isa = PBXGroup;
			children = (
				17553B1B250C5B2900FF8D71 /* CashbackAppiOS.app */,
			);
			name = Products;
			sourceTree = "<group>";
		};
		17553B1D250C5B2900FF8D71 /* CashbackAppiOS */ = {
			isa = PBXGroup;
			children = (
				17553B6C250C6DB800FF8D71 /* CashbackAppiOS.entitlements */,
				17553B32250C5DEC00FF8D71 /* App */,
				17553B33250C5E0700FF8D71 /* Resources */,
				17553B35250C5E4700FF8D71 /* DataLayer */,
				17553B34250C5E1800FF8D71 /* View */,
				17553B4A250C65F900FF8D71 /* Model */,
				17553B64250C6ACF00FF8D71 /* ViewModel */,
				17553B3A250C61F900FF8D71 /* Helpers */,
				17553B2C250C5B2B00FF8D71 /* Info.plist */,
				17553B36250C5ED700FF8D71 /* GoogleService-Info.plist */,
				17553B26250C5B2B00FF8D71 /* Preview Content */,
			);
			path = CashbackAppiOS;
			sourceTree = "<group>";
		};
		17553B26250C5B2B00FF8D71 /* Preview Content */ = {
			isa = PBXGroup;
			children = (
				17553B27250C5B2B00FF8D71 /* Preview Assets.xcassets */,
			);
			path = "Preview Content";
			sourceTree = "<group>";
		};
		17553B32250C5DEC00FF8D71 /* App */ = {
			isa = PBXGroup;
			children = (
				17553B22250C5B2900FF8D71 /* ContentView.swift */,
				17553B1E250C5B2900FF8D71 /* AppDelegate.swift */,
				17553B20250C5B2900FF8D71 /* SceneDelegate.swift */,
			);
			path = App;
			sourceTree = "<group>";
		};
		17553B33250C5E0700FF8D71 /* Resources */ = {
			isa = PBXGroup;
			children = (
				17553B24250C5B2B00FF8D71 /* Assets.xcassets */,
				17553B29250C5B2B00FF8D71 /* LaunchScreen.storyboard */,
			);
			path = Resources;
			sourceTree = "<group>";
		};
		17553B34250C5E1800FF8D71 /* View */ = {
			isa = PBXGroup;
			children = (
				17553B72250C740100FF8D71 /* HomePageView.swift */,
				17553B8D250CAA2E00FF8D71 /* DetailedItem */,
				17553B86250CA96E00FF8D71 /* ItemsDisplay */,
				175EBDDC250F9FDE00D5686F /* HamburgerMenu */,
				17C8BEDE250CE99D00C89EB3 /* Cart */,
				17C8BEF3250E79E100C89EB3 /* Payment */,
				173FA16D2521AF8D00F8E306 /* PrePurchase */,
				175EBDEB250FD87700D5686F /* CashbackPicker */,
				175EBDEA250FCF3300D5686F /* Orders */,
				175EBDE1250FBB9A00D5686F /* CashbackHistory */,
				17553B5D250C67C200FF8D71 /* Registration */,
				17553B43250C651900FF8D71 /* Login */,
			);
			path = View;
			sourceTree = "<group>";
		};
		17553B35250C5E4700FF8D71 /* DataLayer */ = {
			isa = PBXGroup;
			children = (
				17553B38250C61D900FF8D71 /* DbReader.swift */,
				17553B3D250C624700FF8D71 /* DatabaseReadHelper.swift */,
				17553B3F250C626C00FF8D71 /* DBInstanceInitialize.swift */,
				17553B41250C62BF00FF8D71 /* SnapshotHelpers.swift */,
				17553B48250C65E500FF8D71 /* PhoneAuthHelper.swift */,
				17553B6A250C6C6600FF8D71 /* DBWriteHelper.swift */,
				17553B6F250C732A00FF8D71 /* FirebaseGeneralHelpers.swift */,
			);
			path = DataLayer;
			sourceTree = "<group>";
		};
		17553B3A250C61F900FF8D71 /* Helpers */ = {
			isa = PBXGroup;
			children = (
				17553B50250C66C000FF8D71 /* KeyboardHelper */,
				17553B62250C6A5A00FF8D71 /* UIColor.swift */,
				17553B5B250C677800FF8D71 /* Loader.swift */,
				17553B3B250C620900FF8D71 /* Helpers.swift */,
				17553B57250C672100FF8D71 /* Extensions.swift */,
				17553B68250C6BDD00FF8D71 /* GlobalVariables.swift */,
				17553B74250C743700FF8D71 /* OnBoardingPageView.swift */,
				17553B91250CAA7E00FF8D71 /* RoundedBG.swift */,
				17553B93250CAEA400FF8D71 /* Indicator.swift */,
				17C8BEE7250CFE2200C89EB3 /* NavBarEndButtons.swift */,
				17A93905251C656000A70FD6 /* ImageLoader.swift */,
				17DFC1DD25299697005A1A3F /* SharePopupHelper.swift */,
			);
			path = Helpers;
			sourceTree = "<group>";
		};
		17553B43250C651900FF8D71 /* Login */ = {
			isa = PBXGroup;
			children = (
				17553B44250C653200FF8D71 /* PhoneVerificationView.swift */,
				17553B59250C675500FF8D71 /* OTPVerificationView.swift */,
				17553B46250C65A700FF8D71 /* CountryPickerView.swift */,
			);
			path = Login;
			sourceTree = "<group>";
		};
		17553B4A250C65F900FF8D71 /* Model */ = {
			isa = PBXGroup;
			children = (
				17553B7A250C915900FF8D71 /* Item.swift */,
				17553B60250C687200FF8D71 /* Customer.swift */,
				17553B6D250C6FA200FF8D71 /* CartItem.swift */,
				17553B4B250C661E00FF8D71 /* CountryCodeDictionary.swift */,
				17553B76250C8EEB00FF8D71 /* DBReferenceNames.swift */,
				17C8BEF1250E53C000C89EB3 /* Order.swift */,
				173FA16B2521A81C00F8E306 /* CashbackAmountModel.swift */,
			);
			path = Model;
			sourceTree = "<group>";
		};
		17553B50250C66C000FF8D71 /* KeyboardHelper */ = {
			isa = PBXGroup;
			children = (
				17553B51250C66D500FF8D71 /* KeyboardAdaptive.swift */,
				17553B53250C66D600FF8D71 /* KeyboardHeightPublisher.swift */,
				17553B52250C66D600FF8D71 /* UIResponder+Current.swift */,
			);
			path = KeyboardHelper;
			sourceTree = "<group>";
		};
		17553B5D250C67C200FF8D71 /* Registration */ = {
			isa = PBXGroup;
			children = (
				17553B5E250C67CC00FF8D71 /* UserRegistration.swift */,
			);
			path = Registration;
			sourceTree = "<group>";
		};
		17553B64250C6ACF00FF8D71 /* ViewModel */ = {
			isa = PBXGroup;
			children = (
				17553B65250C6AE400FF8D71 /* UserViewModel.swift */,
				17553B78250C912700FF8D71 /* ItemsViewModel.swift */,
				17C8BEE3250CE9D900C89EB3 /* CartViewModel.swift */,
				175EBDE6250FBDC500D5686F /* OrdersViewModel.swift */,
				176702102521A5B900508396 /* CashbackAmountViewModel.swift */,
				173FA17425223C2900F8E306 /* PromoCodeViewModel.swift */,
			);
			path = ViewModel;
			sourceTree = "<group>";
		};
		17553B86250CA96E00FF8D71 /* ItemsDisplay */ = {
			isa = PBXGroup;
			children = (
				17553B87250CA98700FF8D71 /* ItemsDisplayMainView.swift */,
				17553B89250CA9EE00FF8D71 /* ItemsScroll.swift */,
				17553B8B250CAA1000FF8D71 /* ItemCard.swift */,
				17553B95250CC8D100FF8D71 /* ScrollViewHeaderCategory.swift */,
			);
			path = ItemsDisplay;
			sourceTree = "<group>";
		};
		17553B8D250CAA2E00FF8D71 /* DetailedItem */ = {
			isa = PBXGroup;
			children = (
				17553B8E250CAA3D00FF8D71 /* DetailedItemView.swift */,
			);
			path = DetailedItem;
			sourceTree = "<group>";
		};
		175EBDDC250F9FDE00D5686F /* HamburgerMenu */ = {
			isa = PBXGroup;
			children = (
				175EBDDD250F9FEC00D5686F /* MenuView.swift */,
			);
			path = HamburgerMenu;
			sourceTree = "<group>";
		};
		175EBDE1250FBB9A00D5686F /* CashbackHistory */ = {
			isa = PBXGroup;
			children = (
				175EBDE4250FBBB700D5686F /* CashbackHistoryView.swift */,
				175EBDF42510D4B100D5686F /* CashbackHistoryCard.swift */,
			);
			path = CashbackHistory;
			sourceTree = "<group>";
		};
		175EBDEA250FCF3300D5686F /* Orders */ = {
			isa = PBXGroup;
			children = (
				175EBDE2250FBBAD00D5686F /* OrdersView.swift */,
				175EBDE8250FC34E00D5686F /* OrderCard.swift */,
			);
			path = Orders;
			sourceTree = "<group>";
		};
		175EBDEB250FD87700D5686F /* CashbackPicker */ = {
			isa = PBXGroup;
			children = (
				175EBDEC250FD8B600D5686F /* CashbackCard.swift */,
				175EBDEE250FD8EB00D5686F /* CashbackPickerView.swift */,
				175EBDF025108A1200D5686F /* WinnerCard.swift */,
			);
			path = CashbackPicker;
			sourceTree = "<group>";
		};
		17C8BEDE250CE99D00C89EB3 /* Cart */ = {
			isa = PBXGroup;
			children = (
				17C8BEED250DE38100C89EB3 /* CartView.swift */,
				17C8BEE9250D014000C89EB3 /* CartItemCard.swift */,
			);
			path = Cart;
			sourceTree = "<group>";
		};
		17C8BEF3250E79E100C89EB3 /* Payment */ = {
			isa = PBXGroup;
			children = (
				17C8BEEF250DFD9000C89EB3 /* PaymentView.swift */,
			);
			path = Payment;
			sourceTree = "<group>";
		};
		21744A87D0EDE6FBCF14CA44 /* Frameworks */ = {
			isa = PBXGroup;
			children = (
				083DE08C87004BE721C8F8D6 /* Pods_CashbackAppiOS.framework */,
			);
			name = Frameworks;
			sourceTree = "<group>";
		};
		319FE35DA9A5ADA80C139D65 /* Pods */ = {
			isa = PBXGroup;
			children = (
				ECFEA4C2398CA77C2507460A /* Pods-CashbackAppiOS.debug.xcconfig */,
				BB9705A4A60FA50212CD37B7 /* Pods-CashbackAppiOS.release.xcconfig */,
			);
			path = Pods;
			sourceTree = "<group>";
		};
/* End PBXGroup section */

/* Begin PBXNativeTarget section */
		17553B1A250C5B2900FF8D71 /* CashbackAppiOS */ = {
			isa = PBXNativeTarget;
			buildConfigurationList = 17553B2F250C5B2B00FF8D71 /* Build configuration list for PBXNativeTarget "CashbackAppiOS" */;
			buildPhases = (
				F0E34CEA7A2BA9EFDF899023 /* [CP] Check Pods Manifest.lock */,
				17553B17250C5B2900FF8D71 /* Sources */,
				17553B18250C5B2900FF8D71 /* Frameworks */,
				17553B19250C5B2900FF8D71 /* Resources */,
				91F50AC3CDC40571D754D22E /* [CP] Embed Pods Frameworks */,
			);
			buildRules = (
			);
			dependencies = (
			);
			name = CashbackAppiOS;
			productName = CashbackAppiOS;
			productReference = 17553B1B250C5B2900FF8D71 /* CashbackAppiOS.app */;
			productType = "com.apple.product-type.application";
		};
/* End PBXNativeTarget section */

/* Begin PBXProject section */
		17553B13250C5B2900FF8D71 /* Project object */ = {
			isa = PBXProject;
			attributes = {
				LastSwiftUpdateCheck = 1160;
				LastUpgradeCheck = 1160;
				ORGANIZATIONNAME = SuryaManivannan;
				TargetAttributes = {
					17553B1A250C5B2900FF8D71 = {
						CreatedOnToolsVersion = 11.6;
					};
				};
			};
			buildConfigurationList = 17553B16250C5B2900FF8D71 /* Build configuration list for PBXProject "CashbackAppiOS" */;
			compatibilityVersion = "Xcode 9.3";
			developmentRegion = en;
			hasScannedForEncodings = 0;
			knownRegions = (
				en,
				Base,
			);
			mainGroup = 17553B12250C5B2900FF8D71;
			productRefGroup = 17553B1C250C5B2900FF8D71 /* Products */;
			projectDirPath = "";
			projectRoot = "";
			targets = (
				17553B1A250C5B2900FF8D71 /* CashbackAppiOS */,
			);
		};
/* End PBXProject section */

/* Begin PBXResourcesBuildPhase section */
		17553B19250C5B2900FF8D71 /* Resources */ = {
			isa = PBXResourcesBuildPhase;
			buildActionMask = 2147483647;
			files = (
				17553B2B250C5B2B00FF8D71 /* LaunchScreen.storyboard in Resources */,
				17553B28250C5B2B00FF8D71 /* Preview Assets.xcassets in Resources */,
				17553B25250C5B2B00FF8D71 /* Assets.xcassets in Resources */,
				17553B37250C5ED700FF8D71 /* GoogleService-Info.plist in Resources */,
			);
			runOnlyForDeploymentPostprocessing = 0;
		};
/* End PBXResourcesBuildPhase section */

/* Begin PBXShellScriptBuildPhase section */
		91F50AC3CDC40571D754D22E /* [CP] Embed Pods Frameworks */ = {
			isa = PBXShellScriptBuildPhase;
			buildActionMask = 2147483647;
			files = (
			);
			inputFileListPaths = (
				"${PODS_ROOT}/Target Support Files/Pods-CashbackAppiOS/Pods-CashbackAppiOS-frameworks-${CONFIGURATION}-input-files.xcfilelist",
			);
			name = "[CP] Embed Pods Frameworks";
			outputFileListPaths = (
				"${PODS_ROOT}/Target Support Files/Pods-CashbackAppiOS/Pods-CashbackAppiOS-frameworks-${CONFIGURATION}-output-files.xcfilelist",
			);
			runOnlyForDeploymentPostprocessing = 0;
			shellPath = /bin/sh;
			shellScript = "\"${PODS_ROOT}/Target Support Files/Pods-CashbackAppiOS/Pods-CashbackAppiOS-frameworks.sh\"\n";
			showEnvVarsInLog = 0;
		};
		F0E34CEA7A2BA9EFDF899023 /* [CP] Check Pods Manifest.lock */ = {
			isa = PBXShellScriptBuildPhase;
			buildActionMask = 2147483647;
			files = (
			);
			inputFileListPaths = (
			);
			inputPaths = (
				"${PODS_PODFILE_DIR_PATH}/Podfile.lock",
				"${PODS_ROOT}/Manifest.lock",
			);
			name = "[CP] Check Pods Manifest.lock";
			outputFileListPaths = (
			);
			outputPaths = (
				"$(DERIVED_FILE_DIR)/Pods-CashbackAppiOS-checkManifestLockResult.txt",
			);
			runOnlyForDeploymentPostprocessing = 0;
			shellPath = /bin/sh;
			shellScript = "diff \"${PODS_PODFILE_DIR_PATH}/Podfile.lock\" \"${PODS_ROOT}/Manifest.lock\" > /dev/null\nif [ $? != 0 ] ; then\n    # print error to STDERR\n    echo \"error: The sandbox is not in sync with the Podfile.lock. Run 'pod install' or update your CocoaPods installation.\" >&2\n    exit 1\nfi\n# This output is used by Xcode 'outputs' to avoid re-running this script phase.\necho \"SUCCESS\" > \"${SCRIPT_OUTPUT_FILE_0}\"\n";
			showEnvVarsInLog = 0;
		};
/* End PBXShellScriptBuildPhase section */

/* Begin PBXSourcesBuildPhase section */
		17553B17250C5B2900FF8D71 /* Sources */ = {
			isa = PBXSourcesBuildPhase;
			buildActionMask = 2147483647;
			files = (
				17553B69250C6BDD00FF8D71 /* GlobalVariables.swift in Sources */,
				175EBDE7250FBDC500D5686F /* OrdersViewModel.swift in Sources */,
				175EBDF52510D4B100D5686F /* CashbackHistoryCard.swift in Sources */,
				17C8BEF0250DFD9000C89EB3 /* PaymentView.swift in Sources */,
				17553B1F250C5B2900FF8D71 /* AppDelegate.swift in Sources */,
				17553B66250C6AE400FF8D71 /* UserViewModel.swift in Sources */,
				17553B63250C6A5A00FF8D71 /* UIColor.swift in Sources */,
				17553B21250C5B2900FF8D71 /* SceneDelegate.swift in Sources */,
				175EBDDE250F9FEC00D5686F /* MenuView.swift in Sources */,
				175EBDE9250FC34E00D5686F /* OrderCard.swift in Sources */,
				17553B79250C912700FF8D71 /* ItemsViewModel.swift in Sources */,
				17553B94250CAEA400FF8D71 /* Indicator.swift in Sources */,
				17C8BEEA250D014000C89EB3 /* CartItemCard.swift in Sources */,
				17553B7B250C915900FF8D71 /* Item.swift in Sources */,
				17553B77250C8EEB00FF8D71 /* DBReferenceNames.swift in Sources */,
				17553B92250CAA7E00FF8D71 /* RoundedBG.swift in Sources */,
				17C8BEF2250E53C000C89EB3 /* Order.swift in Sources */,
				17553B96250CC8D100FF8D71 /* ScrollViewHeaderCategory.swift in Sources */,
				175EBDE3250FBBAD00D5686F /* OrdersView.swift in Sources */,
				17553B8F250CAA3D00FF8D71 /* DetailedItemView.swift in Sources */,
				17553B49250C65E500FF8D71 /* PhoneAuthHelper.swift in Sources */,
				17553B3E250C624700FF8D71 /* DatabaseReadHelper.swift in Sources */,
				17553B45250C653200FF8D71 /* PhoneVerificationView.swift in Sources */,
				175EBDE5250FBBB700D5686F /* CashbackHistoryView.swift in Sources */,
				17C8BEE8250CFE2200C89EB3 /* NavBarEndButtons.swift in Sources */,
				17553B6E250C6FA200FF8D71 /* CartItem.swift in Sources */,
				17553B42250C62BF00FF8D71 /* SnapshotHelpers.swift in Sources */,
				17A93906251C656000A70FD6 /* ImageLoader.swift in Sources */,
				175EBDF125108A1200D5686F /* WinnerCard.swift in Sources */,
				173FA1732521B7DB00F8E306 /* AddressView.swift in Sources */,
				17553B88250CA98700FF8D71 /* ItemsDisplayMainView.swift in Sources */,
				17C8BEEC250DE0E700C89EB3 /* EndOfCartPriceDisplayView.swift in Sources */,
				17553B55250C66D600FF8D71 /* UIResponder+Current.swift in Sources */,
				173FA16C2521A81C00F8E306 /* CashbackAmountModel.swift in Sources */,
				17553B56250C66D600FF8D71 /* KeyboardHeightPublisher.swift in Sources */,
				17C8BEEE250DE38100C89EB3 /* CartView.swift in Sources */,
				173FA16F2521AFA900F8E306 /* PrePurchaseView.swift in Sources */,
				17553B8A250CA9EE00FF8D71 /* ItemsScroll.swift in Sources */,
				17553B61250C687200FF8D71 /* Customer.swift in Sources */,
				17553B5C250C677800FF8D71 /* Loader.swift in Sources */,
				17553B47250C65A700FF8D71 /* CountryPickerView.swift in Sources */,
				17553B54250C66D600FF8D71 /* KeyboardAdaptive.swift in Sources */,
				17553B4C250C661E00FF8D71 /* CountryCodeDictionary.swift in Sources */,
				17553B58250C672100FF8D71 /* Extensions.swift in Sources */,
				17553B70250C732A00FF8D71 /* FirebaseGeneralHelpers.swift in Sources */,
				17553B39250C61D900FF8D71 /* DbReader.swift in Sources */,
				17DFC1DE25299697005A1A3F /* SharePopupHelper.swift in Sources */,
				173FA1712521B30B00F8E306 /* BillSummaryView.swift in Sources */,
				17553B3C250C620900FF8D71 /* Helpers.swift in Sources */,
				17553B8C250CAA1000FF8D71 /* ItemCard.swift in Sources */,
				17553B5F250C67CC00FF8D71 /* UserRegistration.swift in Sources */,
				17553B23250C5B2900FF8D71 /* ContentView.swift in Sources */,
				17553B40250C626C00FF8D71 /* DBInstanceInitialize.swift in Sources */,
				17553B5A250C675600FF8D71 /* OTPVerificationView.swift in Sources */,
				17C8BEE4250CE9D900C89EB3 /* CartViewModel.swift in Sources */,
				173FA17525223C2900F8E306 /* PromoCodeViewModel.swift in Sources */,
				175EBDED250FD8B600D5686F /* CashbackCard.swift in Sources */,
				17553B73250C740100FF8D71 /* HomePageView.swift in Sources */,
				17553B75250C743700FF8D71 /* OnBoardingPageView.swift in Sources */,
				175EBDEF250FD8EB00D5686F /* CashbackPickerView.swift in Sources */,
				176702112521A5B900508396 /* CashbackAmountViewModel.swift in Sources */,
				17553B6B250C6C6600FF8D71 /* DBWriteHelper.swift in Sources */,
			);
			runOnlyForDeploymentPostprocessing = 0;
		};
/* End PBXSourcesBuildPhase section */

/* Begin PBXVariantGroup section */
		17553B29250C5B2B00FF8D71 /* LaunchScreen.storyboard */ = {
			isa = PBXVariantGroup;
			children = (
				17553B2A250C5B2B00FF8D71 /* Base */,
			);
			name = LaunchScreen.storyboard;
			sourceTree = "<group>";
		};
/* End PBXVariantGroup section */

/* Begin XCBuildConfiguration section */
		17553B2D250C5B2B00FF8D71 /* Debug */ = {
			isa = XCBuildConfiguration;
			buildSettings = {
				ALWAYS_SEARCH_USER_PATHS = NO;
				CLANG_ANALYZER_NONNULL = YES;
				CLANG_ANALYZER_NUMBER_OBJECT_CONVERSION = YES_AGGRESSIVE;
				CLANG_CXX_LANGUAGE_STANDARD = "gnu++14";
				CLANG_CXX_LIBRARY = "libc++";
				CLANG_ENABLE_MODULES = YES;
				CLANG_ENABLE_OBJC_ARC = YES;
				CLANG_ENABLE_OBJC_WEAK = YES;
				CLANG_WARN_BLOCK_CAPTURE_AUTORELEASING = YES;
				CLANG_WARN_BOOL_CONVERSION = YES;
				CLANG_WARN_COMMA = YES;
				CLANG_WARN_CONSTANT_CONVERSION = YES;
				CLANG_WARN_DEPRECATED_OBJC_IMPLEMENTATIONS = YES;
				CLANG_WARN_DIRECT_OBJC_ISA_USAGE = YES_ERROR;
				CLANG_WARN_DOCUMENTATION_COMMENTS = YES;
				CLANG_WARN_EMPTY_BODY = YES;
				CLANG_WARN_ENUM_CONVERSION = YES;
				CLANG_WARN_INFINITE_RECURSION = YES;
				CLANG_WARN_INT_CONVERSION = YES;
				CLANG_WARN_NON_LITERAL_NULL_CONVERSION = YES;
				CLANG_WARN_OBJC_IMPLICIT_RETAIN_SELF = YES;
				CLANG_WARN_OBJC_LITERAL_CONVERSION = YES;
				CLANG_WARN_OBJC_ROOT_CLASS = YES_ERROR;
				CLANG_WARN_RANGE_LOOP_ANALYSIS = YES;
				CLANG_WARN_STRICT_PROTOTYPES = YES;
				CLANG_WARN_SUSPICIOUS_MOVE = YES;
				CLANG_WARN_UNGUARDED_AVAILABILITY = YES_AGGRESSIVE;
				CLANG_WARN_UNREACHABLE_CODE = YES;
				CLANG_WARN__DUPLICATE_METHOD_MATCH = YES;
				COPY_PHASE_STRIP = NO;
				DEBUG_INFORMATION_FORMAT = dwarf;
				ENABLE_STRICT_OBJC_MSGSEND = YES;
				ENABLE_TESTABILITY = YES;
				GCC_C_LANGUAGE_STANDARD = gnu11;
				GCC_DYNAMIC_NO_PIC = NO;
				GCC_NO_COMMON_BLOCKS = YES;
				GCC_OPTIMIZATION_LEVEL = 0;
				GCC_PREPROCESSOR_DEFINITIONS = (
					"DEBUG=1",
					"$(inherited)",
				);
				GCC_WARN_64_TO_32_BIT_CONVERSION = YES;
				GCC_WARN_ABOUT_RETURN_TYPE = YES_ERROR;
				GCC_WARN_UNDECLARED_SELECTOR = YES;
				GCC_WARN_UNINITIALIZED_AUTOS = YES_AGGRESSIVE;
				GCC_WARN_UNUSED_FUNCTION = YES;
				GCC_WARN_UNUSED_VARIABLE = YES;
				IPHONEOS_DEPLOYMENT_TARGET = 13.0;
				MTL_ENABLE_DEBUG_INFO = INCLUDE_SOURCE;
				MTL_FAST_MATH = YES;
				ONLY_ACTIVE_ARCH = YES;
				SDKROOT = iphoneos;
				SWIFT_ACTIVE_COMPILATION_CONDITIONS = DEBUG;
				SWIFT_OPTIMIZATION_LEVEL = "-Onone";
			};
			name = Debug;
		};
		17553B2E250C5B2B00FF8D71 /* Release */ = {
			isa = XCBuildConfiguration;
			buildSettings = {
				ALWAYS_SEARCH_USER_PATHS = NO;
				CLANG_ANALYZER_NONNULL = YES;
				CLANG_ANALYZER_NUMBER_OBJECT_CONVERSION = YES_AGGRESSIVE;
				CLANG_CXX_LANGUAGE_STANDARD = "gnu++14";
				CLANG_CXX_LIBRARY = "libc++";
				CLANG_ENABLE_MODULES = YES;
				CLANG_ENABLE_OBJC_ARC = YES;
				CLANG_ENABLE_OBJC_WEAK = YES;
				CLANG_WARN_BLOCK_CAPTURE_AUTORELEASING = YES;
				CLANG_WARN_BOOL_CONVERSION = YES;
				CLANG_WARN_COMMA = YES;
				CLANG_WARN_CONSTANT_CONVERSION = YES;
				CLANG_WARN_DEPRECATED_OBJC_IMPLEMENTATIONS = YES;
				CLANG_WARN_DIRECT_OBJC_ISA_USAGE = YES_ERROR;
				CLANG_WARN_DOCUMENTATION_COMMENTS = YES;
				CLANG_WARN_EMPTY_BODY = YES;
				CLANG_WARN_ENUM_CONVERSION = YES;
				CLANG_WARN_INFINITE_RECURSION = YES;
				CLANG_WARN_INT_CONVERSION = YES;
				CLANG_WARN_NON_LITERAL_NULL_CONVERSION = YES;
				CLANG_WARN_OBJC_IMPLICIT_RETAIN_SELF = YES;
				CLANG_WARN_OBJC_LITERAL_CONVERSION = YES;
				CLANG_WARN_OBJC_ROOT_CLASS = YES_ERROR;
				CLANG_WARN_RANGE_LOOP_ANALYSIS = YES;
				CLANG_WARN_STRICT_PROTOTYPES = YES;
				CLANG_WARN_SUSPICIOUS_MOVE = YES;
				CLANG_WARN_UNGUARDED_AVAILABILITY = YES_AGGRESSIVE;
				CLANG_WARN_UNREACHABLE_CODE = YES;
				CLANG_WARN__DUPLICATE_METHOD_MATCH = YES;
				COPY_PHASE_STRIP = NO;
				DEBUG_INFORMATION_FORMAT = "dwarf-with-dsym";
				ENABLE_NS_ASSERTIONS = NO;
				ENABLE_STRICT_OBJC_MSGSEND = YES;
				GCC_C_LANGUAGE_STANDARD = gnu11;
				GCC_NO_COMMON_BLOCKS = YES;
				GCC_WARN_64_TO_32_BIT_CONVERSION = YES;
				GCC_WARN_ABOUT_RETURN_TYPE = YES_ERROR;
				GCC_WARN_UNDECLARED_SELECTOR = YES;
				GCC_WARN_UNINITIALIZED_AUTOS = YES_AGGRESSIVE;
				GCC_WARN_UNUSED_FUNCTION = YES;
				GCC_WARN_UNUSED_VARIABLE = YES;
				IPHONEOS_DEPLOYMENT_TARGET = 13.0;
				MTL_ENABLE_DEBUG_INFO = NO;
				MTL_FAST_MATH = YES;
				SDKROOT = iphoneos;
				SWIFT_COMPILATION_MODE = wholemodule;
				SWIFT_OPTIMIZATION_LEVEL = "-O";
				VALIDATE_PRODUCT = YES;
			};
			name = Release;
		};
		17553B30250C5B2B00FF8D71 /* Debug */ = {
			isa = XCBuildConfiguration;
			baseConfigurationReference = ECFEA4C2398CA77C2507460A /* Pods-CashbackAppiOS.debug.xcconfig */;
			buildSettings = {
				ASSETCATALOG_COMPILER_APPICON_NAME = AppIcon;
				CODE_SIGN_ENTITLEMENTS = CashbackAppiOS/CashbackAppiOS.entitlements;
				CODE_SIGN_STYLE = Automatic;
				DEVELOPMENT_ASSET_PATHS = "\"CashbackAppiOS/Preview Content\"";
				DEVELOPMENT_TEAM = 478XDR2NPK;
				ENABLE_PREVIEWS = YES;
				INFOPLIST_FILE = CashbackAppiOS/Info.plist;
				LD_RUNPATH_SEARCH_PATHS = (
					"$(inherited)",
					"@executable_path/Frameworks",
				);
				PRODUCT_BUNDLE_IDENTIFIER = circle.circleapp.CashbackAppiOS;
				PRODUCT_NAME = "$(TARGET_NAME)";
				SWIFT_VERSION = 5.0;
				TARGETED_DEVICE_FAMILY = "1,2";
			};
			name = Debug;
		};
		17553B31250C5B2B00FF8D71 /* Release */ = {
			isa = XCBuildConfiguration;
			baseConfigurationReference = BB9705A4A60FA50212CD37B7 /* Pods-CashbackAppiOS.release.xcconfig */;
			buildSettings = {
				ASSETCATALOG_COMPILER_APPICON_NAME = AppIcon;
				CODE_SIGN_ENTITLEMENTS = CashbackAppiOS/CashbackAppiOS.entitlements;
				CODE_SIGN_STYLE = Automatic;
				DEVELOPMENT_ASSET_PATHS = "\"CashbackAppiOS/Preview Content\"";
				DEVELOPMENT_TEAM = 478XDR2NPK;
				ENABLE_PREVIEWS = YES;
				INFOPLIST_FILE = CashbackAppiOS/Info.plist;
				LD_RUNPATH_SEARCH_PATHS = (
					"$(inherited)",
					"@executable_path/Frameworks",
				);
				PRODUCT_BUNDLE_IDENTIFIER = circle.circleapp.CashbackAppiOS;
				PRODUCT_NAME = "$(TARGET_NAME)";
				SWIFT_VERSION = 5.0;
				TARGETED_DEVICE_FAMILY = "1,2";
			};
			name = Release;
		};
/* End XCBuildConfiguration section */

/* Begin XCConfigurationList section */
		17553B16250C5B2900FF8D71 /* Build configuration list for PBXProject "CashbackAppiOS" */ = {
			isa = XCConfigurationList;
			buildConfigurations = (
				17553B2D250C5B2B00FF8D71 /* Debug */,
				17553B2E250C5B2B00FF8D71 /* Release */,
			);
			defaultConfigurationIsVisible = 0;
			defaultConfigurationName = Release;
		};
		17553B2F250C5B2B00FF8D71 /* Build configuration list for PBXNativeTarget "CashbackAppiOS" */ = {
			isa = XCConfigurationList;
			buildConfigurations = (
				17553B30250C5B2B00FF8D71 /* Debug */,
				17553B31250C5B2B00FF8D71 /* Release */,
			);
			defaultConfigurationIsVisible = 0;
			defaultConfigurationName = Release;
		};
/* End XCConfigurationList section */
	};
	rootObject = 17553B13250C5B2900FF8D71 /* Project object */;
}
